
Microsoft Visual Studio Solution File, Format Version 12.00
# Visual Studio 14
VisualStudioVersion = 14.0.25420.1
MinimumVisualStudioVersion = 10.0.40219.1
Project("{FAE04EC0-301F-11D3-BF4B-00C04F79EFBC}") = "GoldenEyeTest.Business", "GoldenEyeTest.Business\GoldenEyeTest.Business.csproj", "{F9AF459A-C52A-4D1B-A8B9-97024A0AFF55}"
EndProject
Project("{FAE04EC0-301F-11D3-BF4B-00C04F79EFBC}") = "GoldenEyeTest.Frontend", "GoldenEyeTest.Frontend\GoldenEyeTest.Frontend.csproj", "{3FE7AF9F-6B4F-4595-A8E0-436266D7D083}"
EndProject
Project("{FAE04EC0-301F-11D3-BF4B-00C04F79EFBC}") = "GoldenEyeTest.Shared", "GoldenEyeTest.Shared\GoldenEyeTest.Shared.csproj", "{D5F3150E-105E-4F91-A5E3-B77B27ED44E1}"
EndProject
Global
	GlobalSection(SolutionConfigurationPlatforms) = preSolution
		Debug|Any CPU = Debug|Any CPU
		Release|Any CPU = Release|Any CPU
	EndGlobalSection
	GlobalSection(ProjectConfigurationPlatforms) = postSolution
		{F9AF459A-C52A-4D1B-A8B9-97024A0AFF55}.Debug|Any CPU.ActiveCfg = Debug|Any CPU
		{F9AF459A-C52A-4D1B-A8B9-97024A0AFF55}.Debug|Any CPU.Build.0 = Debug|Any CPU
		{F9AF459A-C52A-4D1B-A8B9-97024A0AFF55}.Release|Any CPU.ActiveCfg = Release|Any CPU
		{F9AF459A-C52A-4D1B-A8B9-97024A0AFF55}.Release|Any CPU.Build.0 = Release|Any CPU
		{3FE7AF9F-6B4F-4595-A8E0-436266D7D083}.Debug|Any CPU.ActiveCfg = Debug|Any CPU
		{3FE7AF9F-6B4F-4595-A8E0-436266D7D083}.Debug|Any CPU.Build.0 = Debug|Any CPU
		{3FE7AF9F-6B4F-4595-A8E0-436266D7D083}.Release|Any CPU.ActiveCfg = Release|Any CPU
		{3FE7AF9F-6B4F-4595-A8E0-436266D7D083}.Release|Any CPU.Build.0 = Release|Any CPU
		{D5F3150E-105E-4F91-A5E3-B77B27ED44E1}.Debug|Any CPU.ActiveCfg = Debug|Any CPU
		{D5F3150E-105E-4F91-A5E3-B77B27ED44E1}.Debug|Any CPU.Build.0 = Debug|Any CPU
		{D5F3150E-105E-4F91-A5E3-B77B27ED44E1}.Release|Any CPU.ActiveCfg = Release|Any CPU
		{D5F3150E-105E-4F91-A5E3-B77B27ED44E1}.Release|Any CPU.Build.0 = Release|Any CPU
	EndGlobalSection
	GlobalSection(SolutionProperties) = preSolution
		HideSolutionNode = FALSE
	EndGlobalSection
EndGlobal
